
Microsoft Visual Studio Solution File, Format Version 12.00
# Visual Studio 15
VisualStudioVersion = 15.0.28010.2016
MinimumVisualStudioVersion = 10.0.40219.1
Project("{FAE04EC0-301F-11D3-BF4B-00C04F79EFBC}") = "Toolbelt.Blazor.LoadingBar.Sample.Server", "Toolbelt.Blazor.LoadingBar.Sample.Server\Toolbelt.Blazor.LoadingBar.Sample.Server.csproj", "{94AD040B-68CE-4565-B88E-2FF039276484}"
EndProject
Project("{FAE04EC0-301F-11D3-BF4B-00C04F79EFBC}") = "Toolbelt.Blazor.LoadingBar.Sample.Client", "Toolbelt.Blazor.LoadingBar.Sample.Client\Toolbelt.Blazor.LoadingBar.Sample.Client.csproj", "{213D8CF6-D4AD-416B-BF79-7FDE8545651B}"
EndProject
Project("{FAE04EC0-301F-11D3-BF4B-00C04F79EFBC}") = "Toolbelt.Blazor.LoadingBar.Sample.Shared", "Toolbelt.Blazor.LoadingBar.Sample.Shared\Toolbelt.Blazor.LoadingBar.Sample.Shared.csproj", "{DFAF49BC-4110-462E-A7F5-D547F3DF6B7D}"
EndProject
Global
	GlobalSection(SolutionConfigurationPlatforms) = preSolution
		Debug|Any CPU = Debug|Any CPU
		Release|Any CPU = Release|Any CPU
	EndGlobalSection
	GlobalSection(ProjectConfigurationPlatforms) = postSolution
		{94AD040B-68CE-4565-B88E-2FF039276484}.Debug|Any CPU.ActiveCfg = Debug|Any CPU
		{94AD040B-68CE-4565-B88E-2FF039276484}.Debug|Any CPU.Build.0 = Debug|Any CPU
		{94AD040B-68CE-4565-B88E-2FF039276484}.Release|Any CPU.ActiveCfg = Release|Any CPU
		{94AD040B-68CE-4565-B88E-2FF039276484}.Release|Any CPU.Build.0 = Release|Any CPU
		{213D8CF6-D4AD-416B-BF79-7FDE8545651B}.Debug|Any CPU.ActiveCfg = Debug|Any CPU
		{213D8CF6-D4AD-416B-BF79-7FDE8545651B}.Debug|Any CPU.Build.0 = Debug|Any CPU
		{213D8CF6-D4AD-416B-BF79-7FDE8545651B}.Release|Any CPU.ActiveCfg = Release|Any CPU
		{213D8CF6-D4AD-416B-BF79-7FDE8545651B}.Release|Any CPU.Build.0 = Release|Any CPU
		{DFAF49BC-4110-462E-A7F5-D547F3DF6B7D}.Debug|Any CPU.ActiveCfg = Debug|Any CPU
		{DFAF49BC-4110-462E-A7F5-D547F3DF6B7D}.Debug|Any CPU.Build.0 = Debug|Any CPU
		{DFAF49BC-4110-462E-A7F5-D547F3DF6B7D}.Release|Any CPU.ActiveCfg = Release|Any CPU
		{DFAF49BC-4110-462E-A7F5-D547F3DF6B7D}.Release|Any CPU.Build.0 = Release|Any CPU
	EndGlobalSection
	GlobalSection(SolutionProperties) = preSolution
		HideSolutionNode = FALSE
	EndGlobalSection
	GlobalSection(ExtensibilityGlobals) = postSolution
		SolutionGuid = {13376B92-00F4-4758-A45B-98EE838AD288}
	EndGlobalSection
EndGlobal
